// !$*UTF8*$!
{
	archiveVersion = 1;
	classes = {
	};
	objectVersion = 55;
	objects = {

/* Begin PBXBuildFile section */
		0028E0D9292E8801008BFF1A /* BotaoNode.swift in Sources */ = {isa = PBXBuildFile; fileRef = 0028E0D8292E8801008BFF1A /* BotaoNode.swift */; };
		00B11E4F292F7C8700766D3F /* HUDView.swift in Sources */ = {isa = PBXBuildFile; fileRef = 00B11E4E292F7C8700766D3F /* HUDView.swift */; };
		2B5EF04E292563360082F1F6 /* MiniChallenge2App.swift in Sources */ = {isa = PBXBuildFile; fileRef = 2B5EF04D292563360082F1F6 /* MiniChallenge2App.swift */; };
		2B5EF050292563360082F1F6 /* ContentView.swift in Sources */ = {isa = PBXBuildFile; fileRef = 2B5EF04F292563360082F1F6 /* ContentView.swift */; };
		2B5EF052292563390082F1F6 /* Assets.xcassets in Resources */ = {isa = PBXBuildFile; fileRef = 2B5EF051292563390082F1F6 /* Assets.xcassets */; };
		2B5EF055292563390082F1F6 /* Preview Assets.xcassets in Resources */ = {isa = PBXBuildFile; fileRef = 2B5EF054292563390082F1F6 /* Preview Assets.xcassets */; };
		2B6C23FB292D65E8001C2F9C /* CovaView.swift in Sources */ = {isa = PBXBuildFile; fileRef = 2B6C23FA292D65E8001C2F9C /* CovaView.swift */; };
		2B9B07AB2927F7E80096A50F /* GameScene.swift in Sources */ = {isa = PBXBuildFile; fileRef = 2B9B07AA2927F7E80096A50F /* GameScene.swift */; };
		2B9B07AD2927FE3B0096A50F /* GameViewModel.swift in Sources */ = {isa = PBXBuildFile; fileRef = 2B9B07AC2927FE3B0096A50F /* GameViewModel.swift */; };
		2B9CA856292576E40020EB8E /* CoreDataManager.swift in Sources */ = {isa = PBXBuildFile; fileRef = 2B9CA855292576E40020EB8E /* CoreDataManager.swift */; };
		2B9CA859292577F90020EB8E /* Container.xcdatamodeld in Sources */ = {isa = PBXBuildFile; fileRef = 2B9CA857292577F90020EB8E /* Container.xcdatamodeld */; };
		2BD89D3B292C0124005F06E9 /* PrefsUserDefault.swift in Sources */ = {isa = PBXBuildFile; fileRef = 2BD89D3A292C0124005F06E9 /* PrefsUserDefault.swift */; };
		2BD89D3D292C1B55005F06E9 /* MausoleuView.swift in Sources */ = {isa = PBXBuildFile; fileRef = 2BD89D3C292C1B55005F06E9 /* MausoleuView.swift */; };
		46C7581A29381F1C00414550 /* gameThemeTheFoyer.wav in Resources */ = {isa = PBXBuildFile; fileRef = 46C7581929381F1C00414550 /* gameThemeTheFoyer.wav */; };
		46C7581C2938261A00414550 /* SceneController.swift in Sources */ = {isa = PBXBuildFile; fileRef = 46C7581B2938261A00414550 /* SceneController.swift */; };
		46C7581E2938398100414550 /* coin.m4a in Resources */ = {isa = PBXBuildFile; fileRef = 46C7581D2938398100414550 /* coin.m4a */; };
		82967C07292FE7EB00E80605 /* ConfigView.swift in Sources */ = {isa = PBXBuildFile; fileRef = 82967C06292FE7EB00E80605 /* ConfigView.swift */; };
		82967C092930034700E80605 /* SobreView.swift in Sources */ = {isa = PBXBuildFile; fileRef = 82967C082930034700E80605 /* SobreView.swift */; };
		829FFB23293157E400602CD3 /* DireitosAutoraisView.swift in Sources */ = {isa = PBXBuildFile; fileRef = 829FFB22293157E400602CD3 /* DireitosAutoraisView.swift */; };
		829FFB25293158B300602CD3 /* PoliticaPrivacidadeView.swift in Sources */ = {isa = PBXBuildFile; fileRef = 829FFB24293158B300602CD3 /* PoliticaPrivacidadeView.swift */; };
		A7A0F2912937EB8F00D11077 /* Audio.swift in Sources */ = {isa = PBXBuildFile; fileRef = A7A0F2902937EB8F00D11077 /* Audio.swift */; };
/* End PBXBuildFile section */

/* Begin PBXFileReference section */
		0028E0D8292E8801008BFF1A /* BotaoNode.swift */ = {isa = PBXFileReference; lastKnownFileType = sourcecode.swift; path = BotaoNode.swift; sourceTree = "<group>"; };
		00B11E4E292F7C8700766D3F /* HUDView.swift */ = {isa = PBXFileReference; lastKnownFileType = sourcecode.swift; path = HUDView.swift; sourceTree = "<group>"; };
		2B5EF04A292563360082F1F6 /* MiniChallenge2.app */ = {isa = PBXFileReference; explicitFileType = wrapper.application; includeInIndex = 0; path = MiniChallenge2.app; sourceTree = BUILT_PRODUCTS_DIR; };
		2B5EF04D292563360082F1F6 /* MiniChallenge2App.swift */ = {isa = PBXFileReference; lastKnownFileType = sourcecode.swift; path = MiniChallenge2App.swift; sourceTree = "<group>"; };
		2B5EF04F292563360082F1F6 /* ContentView.swift */ = {isa = PBXFileReference; lastKnownFileType = sourcecode.swift; path = ContentView.swift; sourceTree = "<group>"; };
		2B5EF051292563390082F1F6 /* Assets.xcassets */ = {isa = PBXFileReference; lastKnownFileType = folder.assetcatalog; path = Assets.xcassets; sourceTree = "<group>"; };
		2B5EF054292563390082F1F6 /* Preview Assets.xcassets */ = {isa = PBXFileReference; lastKnownFileType = folder.assetcatalog; path = "Preview Assets.xcassets"; sourceTree = "<group>"; };
		2B6C23FA292D65E8001C2F9C /* CovaView.swift */ = {isa = PBXFileReference; lastKnownFileType = sourcecode.swift; path = CovaView.swift; sourceTree = "<group>"; };
		2B9B07AA2927F7E80096A50F /* GameScene.swift */ = {isa = PBXFileReference; lastKnownFileType = sourcecode.swift; path = GameScene.swift; sourceTree = "<group>"; };
		2B9B07AC2927FE3B0096A50F /* GameViewModel.swift */ = {isa = PBXFileReference; lastKnownFileType = sourcecode.swift; path = GameViewModel.swift; sourceTree = "<group>"; };
		2B9CA855292576E40020EB8E /* CoreDataManager.swift */ = {isa = PBXFileReference; lastKnownFileType = sourcecode.swift; path = CoreDataManager.swift; sourceTree = "<group>"; };
		2B9CA858292577F90020EB8E /* Container.xcdatamodel */ = {isa = PBXFileReference; lastKnownFileType = wrapper.xcdatamodel; path = Container.xcdatamodel; sourceTree = "<group>"; };
		2BD89D3A292C0124005F06E9 /* PrefsUserDefault.swift */ = {isa = PBXFileReference; lastKnownFileType = sourcecode.swift; path = PrefsUserDefault.swift; sourceTree = "<group>"; };
		2BD89D3C292C1B55005F06E9 /* MausoleuView.swift */ = {isa = PBXFileReference; lastKnownFileType = sourcecode.swift; path = MausoleuView.swift; sourceTree = "<group>"; };
		46C7581929381F1C00414550 /* gameThemeTheFoyer.wav */ = {isa = PBXFileReference; lastKnownFileType = audio.wav; path = gameThemeTheFoyer.wav; sourceTree = "<group>"; };
		46C7581B2938261A00414550 /* SceneController.swift */ = {isa = PBXFileReference; lastKnownFileType = sourcecode.swift; path = SceneController.swift; sourceTree = "<group>"; };
		46C7581D2938398100414550 /* coin.m4a */ = {isa = PBXFileReference; lastKnownFileType = file; path = coin.m4a; sourceTree = "<group>"; };
		82967C06292FE7EB00E80605 /* ConfigView.swift */ = {isa = PBXFileReference; lastKnownFileType = sourcecode.swift; path = ConfigView.swift; sourceTree = "<group>"; };
		82967C082930034700E80605 /* SobreView.swift */ = {isa = PBXFileReference; lastKnownFileType = sourcecode.swift; path = SobreView.swift; sourceTree = "<group>"; };
		829FFB22293157E400602CD3 /* DireitosAutoraisView.swift */ = {isa = PBXFileReference; lastKnownFileType = sourcecode.swift; path = DireitosAutoraisView.swift; sourceTree = "<group>"; };
		829FFB24293158B300602CD3 /* PoliticaPrivacidadeView.swift */ = {isa = PBXFileReference; lastKnownFileType = sourcecode.swift; path = PoliticaPrivacidadeView.swift; sourceTree = "<group>"; };
		A7A0F2902937EB8F00D11077 /* Audio.swift */ = {isa = PBXFileReference; lastKnownFileType = sourcecode.swift; path = Audio.swift; sourceTree = "<group>"; };
/* End PBXFileReference section */

/* Begin PBXFrameworksBuildPhase section */
		2B5EF047292563360082F1F6 /* Frameworks */ = {
			isa = PBXFrameworksBuildPhase;
			buildActionMask = 2147483647;
			files = (
			);
			runOnlyForDeploymentPostprocessing = 0;
		};
/* End PBXFrameworksBuildPhase section */

/* Begin PBXGroup section */
		2B5EF041292563360082F1F6 = {
			isa = PBXGroup;
			children = (
				2B5EF04C292563360082F1F6 /* MiniChallenge2 */,
				2B5EF04B292563360082F1F6 /* Products */,
			);
			sourceTree = "<group>";
		};
		2B5EF04B292563360082F1F6 /* Products */ = {
			isa = PBXGroup;
			children = (
				2B5EF04A292563360082F1F6 /* MiniChallenge2.app */,
			);
			name = Products;
			sourceTree = "<group>";
		};
		2B5EF04C292563360082F1F6 /* MiniChallenge2 */ = {
			isa = PBXGroup;
			children = (
				2B5EF04D292563360082F1F6 /* MiniChallenge2App.swift */,
				2B9CA8542925763E0020EB8E /* View */,
				2B9CA853292576360020EB8E /* ViewModel */,
				2B9CA852292576290020EB8E /* Model */,
				2B5EF051292563390082F1F6 /* Assets.xcassets */,
				2B5EF053292563390082F1F6 /* Preview Content */,
				2B9CA857292577F90020EB8E /* Container.xcdatamodeld */,
			);
			path = MiniChallenge2;
			sourceTree = "<group>";
		};
		2B5EF053292563390082F1F6 /* Preview Content */ = {
			isa = PBXGroup;
			children = (
				2B5EF054292563390082F1F6 /* Preview Assets.xcassets */,
			);
			path = "Preview Content";
			sourceTree = "<group>";
		};
		2B6C23F9292D65C8001C2F9C /* Templates */ = {
			isa = PBXGroup;
			children = (
				2BD89D3C292C1B55005F06E9 /* MausoleuView.swift */,
				2B6C23FA292D65E8001C2F9C /* CovaView.swift */,
				0028E0D8292E8801008BFF1A /* BotaoNode.swift */,
				00B11E4E292F7C8700766D3F /* HUDView.swift */,
			);
			path = Templates;
			sourceTree = "<group>";
		};
		2B9CA852292576290020EB8E /* Model */ = {
			isa = PBXGroup;
			children = (
				46C7581829381F0F00414550 /* Audio */,
				2B9CA855292576E40020EB8E /* CoreDataManager.swift */,
				2BD89D3A292C0124005F06E9 /* PrefsUserDefault.swift */,
			);
			path = Model;
			sourceTree = "<group>";
		};
		2B9CA853292576360020EB8E /* ViewModel */ = {
			isa = PBXGroup;
			children = (
				2B9B07AC2927FE3B0096A50F /* GameViewModel.swift */,
				A7A0F2902937EB8F00D11077 /* Audio.swift */,
				46C7581B2938261A00414550 /* SceneController.swift */,
			);
			path = ViewModel;
			sourceTree = "<group>";
		};
		2B9CA8542925763E0020EB8E /* View */ = {
			isa = PBXGroup;
			children = (
				2B6C23F9292D65C8001C2F9C /* Templates */,
				2B5EF04F292563360082F1F6 /* ContentView.swift */,
				2B9B07AA2927F7E80096A50F /* GameScene.swift */,
				82967C06292FE7EB00E80605 /* ConfigView.swift */,
				82967C082930034700E80605 /* SobreView.swift */,
				829FFB22293157E400602CD3 /* DireitosAutoraisView.swift */,
				829FFB24293158B300602CD3 /* PoliticaPrivacidadeView.swift */,
			);
			path = View;
			sourceTree = "<group>";
		};
		46C7581829381F0F00414550 /* Audio */ = {
			isa = PBXGroup;
			children = (
				46C7581D2938398100414550 /* coin.m4a */,
				46C7581929381F1C00414550 /* gameThemeTheFoyer.wav */,
			);
			path = Audio;
			sourceTree = "<group>";
		};
/* End PBXGroup section */

/* Begin PBXNativeTarget section */
		2B5EF049292563360082F1F6 /* MiniChallenge2 */ = {
			isa = PBXNativeTarget;
			buildConfigurationList = 2B5EF058292563390082F1F6 /* Build configuration list for PBXNativeTarget "MiniChallenge2" */;
			buildPhases = (
				2B5EF046292563360082F1F6 /* Sources */,
				2B5EF047292563360082F1F6 /* Frameworks */,
				2B5EF048292563360082F1F6 /* Resources */,
			);
			buildRules = (
			);
			dependencies = (
			);
			name = MiniChallenge2;
			productName = MiniChallenge2;
			productReference = 2B5EF04A292563360082F1F6 /* MiniChallenge2.app */;
			productType = "com.apple.product-type.application";
		};
/* End PBXNativeTarget section */

/* Begin PBXProject section */
		2B5EF042292563360082F1F6 /* Project object */ = {
			isa = PBXProject;
			attributes = {
				BuildIndependentTargetsInParallel = 1;
				LastSwiftUpdateCheck = 1340;
				LastUpgradeCheck = 1340;
				TargetAttributes = {
					2B5EF049292563360082F1F6 = {
						CreatedOnToolsVersion = 13.4.1;
					};
				};
			};
			buildConfigurationList = 2B5EF045292563360082F1F6 /* Build configuration list for PBXProject "MiniChallenge2" */;
			compatibilityVersion = "Xcode 13.0";
			developmentRegion = en;
			hasScannedForEncodings = 0;
			knownRegions = (
				en,
				Base,
			);
			mainGroup = 2B5EF041292563360082F1F6;
			productRefGroup = 2B5EF04B292563360082F1F6 /* Products */;
			projectDirPath = "";
			projectRoot = "";
			targets = (
				2B5EF049292563360082F1F6 /* MiniChallenge2 */,
			);
		};
/* End PBXProject section */

/* Begin PBXResourcesBuildPhase section */
		2B5EF048292563360082F1F6 /* Resources */ = {
			isa = PBXResourcesBuildPhase;
			buildActionMask = 2147483647;
			files = (
				2B5EF055292563390082F1F6 /* Preview Assets.xcassets in Resources */,
				46C7581E2938398100414550 /* coin.m4a in Resources */,
				46C7581A29381F1C00414550 /* gameThemeTheFoyer.wav in Resources */,
				2B5EF052292563390082F1F6 /* Assets.xcassets in Resources */,
			);
			runOnlyForDeploymentPostprocessing = 0;
		};
/* End PBXResourcesBuildPhase section */

/* Begin PBXSourcesBuildPhase section */
		2B5EF046292563360082F1F6 /* Sources */ = {
			isa = PBXSourcesBuildPhase;
			buildActionMask = 2147483647;
			files = (
				82967C07292FE7EB00E80605 /* ConfigView.swift in Sources */,
				46C7581C2938261A00414550 /* SceneController.swift in Sources */,
				2B9B07AD2927FE3B0096A50F /* GameViewModel.swift in Sources */,
				2B6C23FB292D65E8001C2F9C /* CovaView.swift in Sources */,
				2B9B07AB2927F7E80096A50F /* GameScene.swift in Sources */,
				0028E0D9292E8801008BFF1A /* BotaoNode.swift in Sources */,
				2B5EF050292563360082F1F6 /* ContentView.swift in Sources */,
				829FFB25293158B300602CD3 /* PoliticaPrivacidadeView.swift in Sources */,
				2BD89D3B292C0124005F06E9 /* PrefsUserDefault.swift in Sources */,
				A7A0F2912937EB8F00D11077 /* Audio.swift in Sources */,
				00B11E4F292F7C8700766D3F /* HUDView.swift in Sources */,
				2BD89D3D292C1B55005F06E9 /* MausoleuView.swift in Sources */,
				829FFB23293157E400602CD3 /* DireitosAutoraisView.swift in Sources */,
				2B9CA859292577F90020EB8E /* Container.xcdatamodeld in Sources */,
				82967C092930034700E80605 /* SobreView.swift in Sources */,
				2B9CA856292576E40020EB8E /* CoreDataManager.swift in Sources */,
				2B5EF04E292563360082F1F6 /* MiniChallenge2App.swift in Sources */,
			);
			runOnlyForDeploymentPostprocessing = 0;
		};
/* End PBXSourcesBuildPhase section */

/* Begin XCBuildConfiguration section */
		2B5EF056292563390082F1F6 /* Debug */ = {
			isa = XCBuildConfiguration;
			buildSettings = {
				ALWAYS_SEARCH_USER_PATHS = NO;
				CLANG_ANALYZER_NONNULL = YES;
				CLANG_ANALYZER_NUMBER_OBJECT_CONVERSION = YES_AGGRESSIVE;
				CLANG_CXX_LANGUAGE_STANDARD = "gnu++17";
				CLANG_ENABLE_MODULES = YES;
				CLANG_ENABLE_OBJC_ARC = YES;
				CLANG_ENABLE_OBJC_WEAK = YES;
				CLANG_WARN_BLOCK_CAPTURE_AUTORELEASING = YES;
				CLANG_WARN_BOOL_CONVERSION = YES;
				CLANG_WARN_COMMA = YES;
				CLANG_WARN_CONSTANT_CONVERSION = YES;
				CLANG_WARN_DEPRECATED_OBJC_IMPLEMENTATIONS = YES;
				CLANG_WARN_DIRECT_OBJC_ISA_USAGE = YES_ERROR;
				CLANG_WARN_DOCUMENTATION_COMMENTS = YES;
				CLANG_WARN_EMPTY_BODY = YES;
				CLANG_WARN_ENUM_CONVERSION = YES;
				CLANG_WARN_INFINITE_RECURSION = YES;
				CLANG_WARN_INT_CONVERSION = YES;
				CLANG_WARN_NON_LITERAL_NULL_CONVERSION = YES;
				CLANG_WARN_OBJC_IMPLICIT_RETAIN_SELF = YES;
				CLANG_WARN_OBJC_LITERAL_CONVERSION = YES;
				CLANG_WARN_OBJC_ROOT_CLASS = YES_ERROR;
				CLANG_WARN_QUOTED_INCLUDE_IN_FRAMEWORK_HEADER = YES;
				CLANG_WARN_RANGE_LOOP_ANALYSIS = YES;
				CLANG_WARN_STRICT_PROTOTYPES = YES;
				CLANG_WARN_SUSPICIOUS_MOVE = YES;
				CLANG_WARN_UNGUARDED_AVAILABILITY = YES_AGGRESSIVE;
				CLANG_WARN_UNREACHABLE_CODE = YES;
				CLANG_WARN__DUPLICATE_METHOD_MATCH = YES;
				COPY_PHASE_STRIP = NO;
				DEBUG_INFORMATION_FORMAT = dwarf;
				ENABLE_STRICT_OBJC_MSGSEND = YES;
				ENABLE_TESTABILITY = YES;
				GCC_C_LANGUAGE_STANDARD = gnu11;
				GCC_DYNAMIC_NO_PIC = NO;
				GCC_NO_COMMON_BLOCKS = YES;
				GCC_OPTIMIZATION_LEVEL = 0;
				GCC_PREPROCESSOR_DEFINITIONS = (
					"DEBUG=1",
					"$(inherited)",
				);
				GCC_WARN_64_TO_32_BIT_CONVERSION = YES;
				GCC_WARN_ABOUT_RETURN_TYPE = YES_ERROR;
				GCC_WARN_UNDECLARED_SELECTOR = YES;
				GCC_WARN_UNINITIALIZED_AUTOS = YES_AGGRESSIVE;
				GCC_WARN_UNUSED_FUNCTION = YES;
				GCC_WARN_UNUSED_VARIABLE = YES;
				IPHONEOS_DEPLOYMENT_TARGET = 15.5;
				MTL_ENABLE_DEBUG_INFO = INCLUDE_SOURCE;
				MTL_FAST_MATH = YES;
				ONLY_ACTIVE_ARCH = YES;
				SDKROOT = iphoneos;
				SWIFT_ACTIVE_COMPILATION_CONDITIONS = DEBUG;
				SWIFT_OPTIMIZATION_LEVEL = "-Onone";
			};
			name = Debug;
		};
		2B5EF057292563390082F1F6 /* Release */ = {
			isa = XCBuildConfiguration;
			buildSettings = {
				ALWAYS_SEARCH_USER_PATHS = NO;
				CLANG_ANALYZER_NONNULL = YES;
				CLANG_ANALYZER_NUMBER_OBJECT_CONVERSION = YES_AGGRESSIVE;
				CLANG_CXX_LANGUAGE_STANDARD = "gnu++17";
				CLANG_ENABLE_MODULES = YES;
				CLANG_ENABLE_OBJC_ARC = YES;
				CLANG_ENABLE_OBJC_WEAK = YES;
				CLANG_WARN_BLOCK_CAPTURE_AUTORELEASING = YES;
				CLANG_WARN_BOOL_CONVERSION = YES;
				CLANG_WARN_COMMA = YES;
				CLANG_WARN_CONSTANT_CONVERSION = YES;
				CLANG_WARN_DEPRECATED_OBJC_IMPLEMENTATIONS = YES;
				CLANG_WARN_DIRECT_OBJC_ISA_USAGE = YES_ERROR;
				CLANG_WARN_DOCUMENTATION_COMMENTS = YES;
				CLANG_WARN_EMPTY_BODY = YES;
				CLANG_WARN_ENUM_CONVERSION = YES;
				CLANG_WARN_INFINITE_RECURSION = YES;
				CLANG_WARN_INT_CONVERSION = YES;
				CLANG_WARN_NON_LITERAL_NULL_CONVERSION = YES;
				CLANG_WARN_OBJC_IMPLICIT_RETAIN_SELF = YES;
				CLANG_WARN_OBJC_LITERAL_CONVERSION = YES;
				CLANG_WARN_OBJC_ROOT_CLASS = YES_ERROR;
				CLANG_WARN_QUOTED_INCLUDE_IN_FRAMEWORK_HEADER = YES;
				CLANG_WARN_RANGE_LOOP_ANALYSIS = YES;
				CLANG_WARN_STRICT_PROTOTYPES = YES;
				CLANG_WARN_SUSPICIOUS_MOVE = YES;
				CLANG_WARN_UNGUARDED_AVAILABILITY = YES_AGGRESSIVE;
				CLANG_WARN_UNREACHABLE_CODE = YES;
				CLANG_WARN__DUPLICATE_METHOD_MATCH = YES;
				COPY_PHASE_STRIP = NO;
				DEBUG_INFORMATION_FORMAT = "dwarf-with-dsym";
				ENABLE_NS_ASSERTIONS = NO;
				ENABLE_STRICT_OBJC_MSGSEND = YES;
				GCC_C_LANGUAGE_STANDARD = gnu11;
				GCC_NO_COMMON_BLOCKS = YES;
				GCC_WARN_64_TO_32_BIT_CONVERSION = YES;
				GCC_WARN_ABOUT_RETURN_TYPE = YES_ERROR;
				GCC_WARN_UNDECLARED_SELECTOR = YES;
				GCC_WARN_UNINITIALIZED_AUTOS = YES_AGGRESSIVE;
				GCC_WARN_UNUSED_FUNCTION = YES;
				GCC_WARN_UNUSED_VARIABLE = YES;
				IPHONEOS_DEPLOYMENT_TARGET = 15.5;
				MTL_ENABLE_DEBUG_INFO = NO;
				MTL_FAST_MATH = YES;
				SDKROOT = iphoneos;
				SWIFT_COMPILATION_MODE = wholemodule;
				SWIFT_OPTIMIZATION_LEVEL = "-O";
				VALIDATE_PRODUCT = YES;
			};
			name = Release;
		};
		2B5EF059292563390082F1F6 /* Debug */ = {
			isa = XCBuildConfiguration;
			buildSettings = {
				ASSETCATALOG_COMPILER_APPICON_NAME = AppIcon;
				ASSETCATALOG_COMPILER_GLOBAL_ACCENT_COLOR_NAME = AccentColor;
				CODE_SIGN_STYLE = Automatic;
				CURRENT_PROJECT_VERSION = 1;
				DEVELOPMENT_ASSET_PATHS = "\"MiniChallenge2/Preview Content\"";
				DEVELOPMENT_TEAM = RRUDNBUBWM;
				ENABLE_PREVIEWS = YES;
				GENERATE_INFOPLIST_FILE = YES;
				INFOPLIST_KEY_UIApplicationSceneManifest_Generation = YES;
				INFOPLIST_KEY_UIApplicationSupportsIndirectInputEvents = YES;
				INFOPLIST_KEY_UILaunchScreen_Generation = YES;
				INFOPLIST_KEY_UISupportedInterfaceOrientations_iPad = "UIInterfaceOrientationPortrait UIInterfaceOrientationPortraitUpsideDown UIInterfaceOrientationLandscapeLeft UIInterfaceOrientationLandscapeRight";
				INFOPLIST_KEY_UISupportedInterfaceOrientations_iPhone = "UIInterfaceOrientationPortrait UIInterfaceOrientationLandscapeLeft UIInterfaceOrientationLandscapeRight";
				LD_RUNPATH_SEARCH_PATHS = (
					"$(inherited)",
					"@executable_path/Frameworks",
				);
				MARKETING_VERSION = 1.0;
				PRODUCT_BUNDLE_IDENTIFIER = com.LuccaLopes.MiniChallenge2;
				PRODUCT_NAME = "$(TARGET_NAME)";
				SWIFT_EMIT_LOC_STRINGS = YES;
				SWIFT_VERSION = 5.0;
				TARGETED_DEVICE_FAMILY = "1,2";
			};
			name = Debug;
		};
		2B5EF05A292563390082F1F6 /* Release */ = {
			isa = XCBuildConfiguration;
			buildSettings = {
				ASSETCATALOG_COMPILER_APPICON_NAME = AppIcon;
				ASSETCATALOG_COMPILER_GLOBAL_ACCENT_COLOR_NAME = AccentColor;
				CODE_SIGN_STYLE = Automatic;
				CURRENT_PROJECT_VERSION = 1;
				DEVELOPMENT_ASSET_PATHS = "\"MiniChallenge2/Preview Content\"";
				DEVELOPMENT_TEAM = RRUDNBUBWM;
				ENABLE_PREVIEWS = YES;
				GENERATE_INFOPLIST_FILE = YES;
				INFOPLIST_KEY_UIApplicationSceneManifest_Generation = YES;
				INFOPLIST_KEY_UIApplicationSupportsIndirectInputEvents = YES;
				INFOPLIST_KEY_UILaunchScreen_Generation = YES;
				INFOPLIST_KEY_UISupportedInterfaceOrientations_iPad = "UIInterfaceOrientationPortrait UIInterfaceOrientationPortraitUpsideDown UIInterfaceOrientationLandscapeLeft UIInterfaceOrientationLandscapeRight";
				INFOPLIST_KEY_UISupportedInterfaceOrientations_iPhone = "UIInterfaceOrientationPortrait UIInterfaceOrientationLandscapeLeft UIInterfaceOrientationLandscapeRight";
				LD_RUNPATH_SEARCH_PATHS = (
					"$(inherited)",
					"@executable_path/Frameworks",
				);
				MARKETING_VERSION = 1.0;
				PRODUCT_BUNDLE_IDENTIFIER = com.LuccaLopes.MiniChallenge2;
				PRODUCT_NAME = "$(TARGET_NAME)";
				SWIFT_EMIT_LOC_STRINGS = YES;
				SWIFT_VERSION = 5.0;
				TARGETED_DEVICE_FAMILY = "1,2";
			};
			name = Release;
		};
/* End XCBuildConfiguration section */

/* Begin XCConfigurationList section */
		2B5EF045292563360082F1F6 /* Build configuration list for PBXProject "MiniChallenge2" */ = {
			isa = XCConfigurationList;
			buildConfigurations = (
				2B5EF056292563390082F1F6 /* Debug */,
				2B5EF057292563390082F1F6 /* Release */,
			);
			defaultConfigurationIsVisible = 0;
			defaultConfigurationName = Release;
		};
		2B5EF058292563390082F1F6 /* Build configuration list for PBXNativeTarget "MiniChallenge2" */ = {
			isa = XCConfigurationList;
			buildConfigurations = (
				2B5EF059292563390082F1F6 /* Debug */,
				2B5EF05A292563390082F1F6 /* Release */,
			);
			defaultConfigurationIsVisible = 0;
			defaultConfigurationName = Release;
		};
/* End XCConfigurationList section */

/* Begin XCVersionGroup section */
		2B9CA857292577F90020EB8E /* Container.xcdatamodeld */ = {
			isa = XCVersionGroup;
			children = (
				2B9CA858292577F90020EB8E /* Container.xcdatamodel */,
			);
			currentVersion = 2B9CA858292577F90020EB8E /* Container.xcdatamodel */;
			path = Container.xcdatamodeld;
			sourceTree = "<group>";
			versionGroupType = wrapper.xcdatamodel;
		};
/* End XCVersionGroup section */
	};
	rootObject = 2B5EF042292563360082F1F6 /* Project object */;
}
